
Microsoft Visual Studio Solution File, Format Version 12.00
# Visual Studio Version 17
VisualStudioVersion = 17.3.32901.215
MinimumVisualStudioVersion = 10.0.40219.1
Project("{FAE04EC0-301F-11D3-BF4B-00C04F79EFBC}") = "Notes.Identity", "Notes.Identity\Notes.Identity.csproj", "{D25EF1AC-1A97-4317-AFF6-BC56B87C712C}"
EndProject
Global
	GlobalSection(SolutionConfigurationPlatforms) = preSolution
		Debug|Any CPU = Debug|Any CPU
		Release|Any CPU = Release|Any CPU
	EndGlobalSection
	GlobalSection(ProjectConfigurationPlatforms) = postSolution
		{D25EF1AC-1A97-4317-AFF6-BC56B87C712C}.Debug|Any CPU.ActiveCfg = Debug|Any CPU
		{D25EF1AC-1A97-4317-AFF6-BC56B87C712C}.Debug|Any CPU.Build.0 = Debug|Any CPU
		{D25EF1AC-1A97-4317-AFF6-BC56B87C712C}.Release|Any CPU.ActiveCfg = Release|Any CPU
		{D25EF1AC-1A97-4317-AFF6-BC56B87C712C}.Release|Any CPU.Build.0 = Release|Any CPU
	EndGlobalSection
	GlobalSection(SolutionProperties) = preSolution
		HideSolutionNode = FALSE
	EndGlobalSection
	GlobalSection(ExtensibilityGlobals) = postSolution
		SolutionGuid = {7D06EE00-04C3-4360-90DB-2E57D5B55374}
	EndGlobalSection
EndGlobal
